<?xml version="1.0" encoding="utf-8"?>
<Project ToolsVersion="17.0" xmlns="http://schemas.microsoft.com/developer/msbuild/2003">
  <ItemGroup>
    <CustomBuild Include="D:\Dev\Minesweeper\CMakeFiles\dd80f1b7a5d5d29e8c4e526e2f3ac133\generate.stamp.rule">
      <Filter>CMake Rules</Filter>
    </CustomBuild>
  </ItemGroup>
  <ItemGroup>
    <Filter Include="CMake Rules">
      <UniqueIdentifier>{7D4AA4A9-7E1B-3427-8B41-E24F5AE5D5BF}</UniqueIdentifier>
    </Filter>
  </ItemGroup>
</Project>
